
Microsoft Visual Studio Solution File, Format Version 12.00
# Visual Studio 15
VisualStudioVersion = 15.0.27703.2035
MinimumVisualStudioVersion = 10.0.40219.1
Project("{FAE04EC0-301F-11D3-BF4B-00C04F79EFBC}") = "WebStoreManagement", "WebStoreManagement\WebStoreManagement.csproj", "{79799603-21C3-4F75-90CB-81A376D9DC19}"
EndProject
Global
	GlobalSection(SolutionConfigurationPlatforms) = preSolution
		Debug|Any CPU = Debug|Any CPU
		Release|Any CPU = Release|Any CPU
	EndGlobalSection
	GlobalSection(ProjectConfigurationPlatforms) = postSolution
		{79799603-21C3-4F75-90CB-81A376D9DC19}.Debug|Any CPU.ActiveCfg = Debug|Any CPU
		{79799603-21C3-4F75-90CB-81A376D9DC19}.Debug|Any CPU.Build.0 = Debug|Any CPU
		{79799603-21C3-4F75-90CB-81A376D9DC19}.Release|Any CPU.ActiveCfg = Release|Any CPU
		{79799603-21C3-4F75-90CB-81A376D9DC19}.Release|Any CPU.Build.0 = Release|Any CPU
	EndGlobalSection
	GlobalSection(SolutionProperties) = preSolution
		HideSolutionNode = FALSE
	EndGlobalSection
	GlobalSection(ExtensibilityGlobals) = postSolution
		SolutionGuid = {04065B5F-287B-4E80-BC3A-AB540D03D808}
	EndGlobalSection
EndGlobal
